{
  "files": {
    "maos/contracts/events.py": "fe98538fc75a477252adf94b895190a65a76c40f9724428ff688cbd8bd9eb477",
    "maos/contracts/states.py": "9ca8df8b352380ba6eed5f1745395cfb463e04b9b5918302d4617bde285e9bc5"
  },
  "tables": {
    "plan": "5a90897825ca21ce77c7d4355431c7d35dc4ef95fe764074981625955da1b1b4",
    "task": "9ad310e2d331cc83f60ec7e7240b1c3be2177a4fbe1b17f8d81de172f4718228",
    "artifact": "3c739ea90de95814e8d6bbcb7c3b22b17e4435e767bca98f7275e6a536e2a5bd",
    "event_log": "d01a69639044a75320df16df614caed207861b12f590ebc2215417b154a2c11d",
    "processed_key": "b6ccabcda3742f4ac078a7b87a9fb231686901eab2feed9066e4bac35974e537"
  }
}